
Microsoft Visual Studio Solution File, Format Version 12.00
# Visual Studio Version 17
VisualStudioVersion = 17.6.33717.318
MinimumVisualStudioVersion = 10.0.40219.1
Project("{9A19103F-16F7-4668-BE54-9A1E7A4F7556}") = "TestCases", "TestCases\TestCases.csproj", "{FAB7C528-C70F-4639-9C7E-42CAECBB8A28}"
EndProject
Project("{9A19103F-16F7-4668-BE54-9A1E7A4F7556}") = "PageObject", "PageObject\PageObject.csproj", "{65C7184B-9220-4FF3-94FD-CED3E8170679}"
EndProject
Global
	GlobalSection(SolutionConfigurationPlatforms) = preSolution
		Debug|Any CPU = Debug|Any CPU
		Release|Any CPU = Release|Any CPU
	EndGlobalSection
	GlobalSection(ProjectConfigurationPlatforms) = postSolution
		{FAB7C528-C70F-4639-9C7E-42CAECBB8A28}.Debug|Any CPU.ActiveCfg = Debug|Any CPU
		{FAB7C528-C70F-4639-9C7E-42CAECBB8A28}.Debug|Any CPU.Build.0 = Debug|Any CPU
		{FAB7C528-C70F-4639-9C7E-42CAECBB8A28}.Release|Any CPU.ActiveCfg = Release|Any CPU
		{FAB7C528-C70F-4639-9C7E-42CAECBB8A28}.Release|Any CPU.Build.0 = Release|Any CPU
		{65C7184B-9220-4FF3-94FD-CED3E8170679}.Debug|Any CPU.ActiveCfg = Debug|Any CPU
		{65C7184B-9220-4FF3-94FD-CED3E8170679}.Debug|Any CPU.Build.0 = Debug|Any CPU
		{65C7184B-9220-4FF3-94FD-CED3E8170679}.Release|Any CPU.ActiveCfg = Release|Any CPU
		{65C7184B-9220-4FF3-94FD-CED3E8170679}.Release|Any CPU.Build.0 = Release|Any CPU
	EndGlobalSection
	GlobalSection(SolutionProperties) = preSolution
		HideSolutionNode = FALSE
	EndGlobalSection
	GlobalSection(ExtensibilityGlobals) = postSolution
		SolutionGuid = {55662FA0-70A4-4D21-8890-FE7BD086F14B}
	EndGlobalSection
EndGlobal
